// !$*UTF8*$!
{
	archiveVersion = 1;
	classes = {
	};
	objectVersion = 77;
	objects = {

/* Begin PBXBuildFile section */
		F7CB15702DF17268009B9858 /* FirebaseAnalytics in Frameworks */ = {isa = PBXBuildFile; productRef = F7CB156F2DF17268009B9858 /* FirebaseAnalytics */; };
		F7CB15722DF17268009B9858 /* FirebaseMessaging in Frameworks */ = {isa = PBXBuildFile; productRef = F7CB15712DF17268009B9858 /* FirebaseMessaging */; };
/* End PBXBuildFile section */

/* Begin PBXContainerItemProxy section */
		F79CF9262DA44C2900353A14 /* PBXContainerItemProxy */ = {
			isa = PBXContainerItemProxy;
			containerPortal = F79CF90D2DA44C2600353A14 /* Project object */;
			proxyType = 1;
			remoteGlobalIDString = F79CF9142DA44C2600353A14;
			remoteInfo = Binovation;
		};
		F79CF9302DA44C2900353A14 /* PBXContainerItemProxy */ = {
			isa = PBXContainerItemProxy;
			containerPortal = F79CF90D2DA44C2600353A14 /* Project object */;
			proxyType = 1;
			remoteGlobalIDString = F79CF9142DA44C2600353A14;
			remoteInfo = Binovation;
		};
/* End PBXContainerItemProxy section */

/* Begin PBXFileReference section */
		F79CF9152DA44C2600353A14 /* Binovation.app */ = {isa = PBXFileReference; explicitFileType = wrapper.application; includeInIndex = 0; path = Binovation.app; sourceTree = BUILT_PRODUCTS_DIR; };
		F79CF9252DA44C2900353A14 /* BinovationTests.xctest */ = {isa = PBXFileReference; explicitFileType = wrapper.cfbundle; includeInIndex = 0; path = BinovationTests.xctest; sourceTree = BUILT_PRODUCTS_DIR; };
		F79CF92F2DA44C2900353A14 /* BinovationUITests.xctest */ = {isa = PBXFileReference; explicitFileType = wrapper.cfbundle; includeInIndex = 0; path = BinovationUITests.xctest; sourceTree = BUILT_PRODUCTS_DIR; };
/* End PBXFileReference section */

/* Begin PBXFileSystemSynchronizedBuildFileExceptionSet section */
		F77E1D3D2DAE302A009E6F04 /* Exceptions for "Binovation" folder in "Binovation" target */ = {
			isa = PBXFileSystemSynchronizedBuildFileExceptionSet;
			membershipExceptions = (
				Info.plist,
			);
			target = F79CF9142DA44C2600353A14 /* Binovation */;
		};
/* End PBXFileSystemSynchronizedBuildFileExceptionSet section */

/* Begin PBXFileSystemSynchronizedRootGroup section */
		F79CF9172DA44C2600353A14 /* Binovation */ = {
			isa = PBXFileSystemSynchronizedRootGroup;
			exceptions = (
				F77E1D3D2DAE302A009E6F04 /* Exceptions for "Binovation" folder in "Binovation" target */,
			);
			path = Binovation;
			sourceTree = "<group>";
		};
		F79CF9282DA44C2900353A14 /* BinovationTests */ = {
			isa = PBXFileSystemSynchronizedRootGroup;
			path = BinovationTests;
			sourceTree = "<group>";
		};
		F79CF9322DA44C2900353A14 /* BinovationUITests */ = {
			isa = PBXFileSystemSynchronizedRootGroup;
			path = BinovationUITests;
			sourceTree = "<group>";
		};
/* End PBXFileSystemSynchronizedRootGroup section */

/* Begin PBXFrameworksBuildPhase section */
		F79CF9122DA44C2600353A14 /* Frameworks */ = {
			isa = PBXFrameworksBuildPhase;
			buildActionMask = 2147483647;
			files = (
				F7CB15722DF17268009B9858 /* FirebaseMessaging in Frameworks */,
				F7CB15702DF17268009B9858 /* FirebaseAnalytics in Frameworks */,
			);
			runOnlyForDeploymentPostprocessing = 0;
		};
		F79CF9222DA44C2900353A14 /* Frameworks */ = {
			isa = PBXFrameworksBuildPhase;
			buildActionMask = 2147483647;
			files = (
			);
			runOnlyForDeploymentPostprocessing = 0;
		};
		F79CF92C2DA44C2900353A14 /* Frameworks */ = {
			isa = PBXFrameworksBuildPhase;
			buildActionMask = 2147483647;
			files = (
			);
			runOnlyForDeploymentPostprocessing = 0;
		};
/* End PBXFrameworksBuildPhase section */

/* Begin PBXGroup section */
		F79CF90C2DA44C2600353A14 = {
			isa = PBXGroup;
			children = (
				F79CF9172DA44C2600353A14 /* Binovation */,
				F79CF9282DA44C2900353A14 /* BinovationTests */,
				F79CF9322DA44C2900353A14 /* BinovationUITests */,
				F79CF9162DA44C2600353A14 /* Products */,
			);
			sourceTree = "<group>";
		};
		F79CF9162DA44C2600353A14 /* Products */ = {
			isa = PBXGroup;
			children = (
				F79CF9152DA44C2600353A14 /* Binovation.app */,
				F79CF9252DA44C2900353A14 /* BinovationTests.xctest */,
				F79CF92F2DA44C2900353A14 /* BinovationUITests.xctest */,
			);
			name = Products;
			sourceTree = "<group>";
		};
/* End PBXGroup section */

/* Begin PBXNativeTarget section */
		F79CF9142DA44C2600353A14 /* Binovation */ = {
			isa = PBXNativeTarget;
			buildConfigurationList = F79CF9392DA44C2900353A14 /* Build configuration list for PBXNativeTarget "Binovation" */;
			buildPhases = (
				F79CF9112DA44C2600353A14 /* Sources */,
				F79CF9122DA44C2600353A14 /* Frameworks */,
				F79CF9132DA44C2600353A14 /* Resources */,
			);
			buildRules = (
			);
			dependencies = (
			);
			fileSystemSynchronizedGroups = (
				F79CF9172DA44C2600353A14 /* Binovation */,
			);
			name = Binovation;
			packageProductDependencies = (
				F7CB156F2DF17268009B9858 /* FirebaseAnalytics */,
				F7CB15712DF17268009B9858 /* FirebaseMessaging */,
			);
			productName = Binovation;
			productReference = F79CF9152DA44C2600353A14 /* Binovation.app */;
			productType = "com.apple.product-type.application";
		};
		F79CF9242DA44C2900353A14 /* BinovationTests */ = {
			isa = PBXNativeTarget;
			buildConfigurationList = F79CF93C2DA44C2900353A14 /* Build configuration list for PBXNativeTarget "BinovationTests" */;
			buildPhases = (
				F79CF9212DA44C2900353A14 /* Sources */,
				F79CF9222DA44C2900353A14 /* Frameworks */,
				F79CF9232DA44C2900353A14 /* Resources */,
			);
			buildRules = (
			);
			dependencies = (
				F79CF9272DA44C2900353A14 /* PBXTargetDependency */,
			);
			fileSystemSynchronizedGroups = (
				F79CF9282DA44C2900353A14 /* BinovationTests */,
			);
			name = BinovationTests;
			packageProductDependencies = (
			);
			productName = BinovationTests;
			productReference = F79CF9252DA44C2900353A14 /* BinovationTests.xctest */;
			productType = "com.apple.product-type.bundle.unit-test";
		};
		F79CF92E2DA44C2900353A14 /* BinovationUITests */ = {
			isa = PBXNativeTarget;
			buildConfigurationList = F79CF93F2DA44C2900353A14 /* Build configuration list for PBXNativeTarget "BinovationUITests" */;
			buildPhases = (
				F79CF92B2DA44C2900353A14 /* Sources */,
				F79CF92C2DA44C2900353A14 /* Frameworks */,
				F79CF92D2DA44C2900353A14 /* Resources */,
			);
			buildRules = (
			);
			dependencies = (
				F79CF9312DA44C2900353A14 /* PBXTargetDependency */,
			);
			fileSystemSynchronizedGroups = (
				F79CF9322DA44C2900353A14 /* BinovationUITests */,
			);
			name = BinovationUITests;
			packageProductDependencies = (
			);
			productName = BinovationUITests;
			productReference = F79CF92F2DA44C2900353A14 /* BinovationUITests.xctest */;
			productType = "com.apple.product-type.bundle.ui-testing";
		};
/* End PBXNativeTarget section */

/* Begin PBXProject section */
		F79CF90D2DA44C2600353A14 /* Project object */ = {
			isa = PBXProject;
			attributes = {
				BuildIndependentTargetsInParallel = 1;
				LastSwiftUpdateCheck = 1610;
				LastUpgradeCheck = 1610;
				TargetAttributes = {
					F79CF9142DA44C2600353A14 = {
						CreatedOnToolsVersion = 16.1;
					};
					F79CF9242DA44C2900353A14 = {
						CreatedOnToolsVersion = 16.1;
						TestTargetID = F79CF9142DA44C2600353A14;
					};
					F79CF92E2DA44C2900353A14 = {
						CreatedOnToolsVersion = 16.1;
						TestTargetID = F79CF9142DA44C2600353A14;
					};
				};
			};
			buildConfigurationList = F79CF9102DA44C2600353A14 /* Build configuration list for PBXProject "Binovation" */;
			developmentRegion = en;
			hasScannedForEncodings = 0;
			knownRegions = (
				en,
				Base,
			);
			mainGroup = F79CF90C2DA44C2600353A14;
			minimizedProjectReferenceProxies = 1;
			packageReferences = (
				F7CB156E2DF17268009B9858 /* XCRemoteSwiftPackageReference "firebase-ios-sdk" */,
			);
			preferredProjectObjectVersion = 77;
			productRefGroup = F79CF9162DA44C2600353A14 /* Products */;
			projectDirPath = "";
			projectRoot = "";
			targets = (
				F79CF9142DA44C2600353A14 /* Binovation */,
				F79CF9242DA44C2900353A14 /* BinovationTests */,
				F79CF92E2DA44C2900353A14 /* BinovationUITests */,
			);
		};
/* End PBXProject section */

/* Begin PBXResourcesBuildPhase section */
		F79CF9132DA44C2600353A14 /* Resources */ = {
			isa = PBXResourcesBuildPhase;
			buildActionMask = 2147483647;
			files = (
			);
			runOnlyForDeploymentPostprocessing = 0;
		};
		F79CF9232DA44C2900353A14 /* Resources */ = {
			isa = PBXResourcesBuildPhase;
			buildActionMask = 2147483647;
			files = (
			);
			runOnlyForDeploymentPostprocessing = 0;
		};
		F79CF92D2DA44C2900353A14 /* Resources */ = {
			isa = PBXResourcesBuildPhase;
			buildActionMask = 2147483647;
			files = (
			);
			runOnlyForDeploymentPostprocessing = 0;
		};
/* End PBXResourcesBuildPhase section */

/* Begin PBXSourcesBuildPhase section */
		F79CF9112DA44C2600353A14 /* Sources */ = {
			isa = PBXSourcesBuildPhase;
			buildActionMask = 2147483647;
			files = (
			);
			runOnlyForDeploymentPostprocessing = 0;
		};
		F79CF9212DA44C2900353A14 /* Sources */ = {
			isa = PBXSourcesBuildPhase;
			buildActionMask = 2147483647;
			files = (
			);
			runOnlyForDeploymentPostprocessing = 0;
		};
		F79CF92B2DA44C2900353A14 /* Sources */ = {
			isa = PBXSourcesBuildPhase;
			buildActionMask = 2147483647;
			files = (
			);
			runOnlyForDeploymentPostprocessing = 0;
		};
/* End PBXSourcesBuildPhase section */

/* Begin PBXTargetDependency section */
		F79CF9272DA44C2900353A14 /* PBXTargetDependency */ = {
			isa = PBXTargetDependency;
			target = F79CF9142DA44C2600353A14 /* Binovation */;
			targetProxy = F79CF9262DA44C2900353A14 /* PBXContainerItemProxy */;
		};
		F79CF9312DA44C2900353A14 /* PBXTargetDependency */ = {
			isa = PBXTargetDependency;
			target = F79CF9142DA44C2600353A14 /* Binovation */;
			targetProxy = F79CF9302DA44C2900353A14 /* PBXContainerItemProxy */;
		};
/* End PBXTargetDependency section */

/* Begin XCBuildConfiguration section */
		F79CF9372DA44C2900353A14 /* Debug */ = {
			isa = XCBuildConfiguration;
			buildSettings = {
				ALWAYS_SEARCH_USER_PATHS = NO;
				ASSETCATALOG_COMPILER_GENERATE_SWIFT_ASSET_SYMBOL_EXTENSIONS = YES;
				CLANG_ANALYZER_NONNULL = YES;
				CLANG_ANALYZER_NUMBER_OBJECT_CONVERSION = YES_AGGRESSIVE;
				CLANG_CXX_LANGUAGE_STANDARD = "gnu++20";
				CLANG_ENABLE_MODULES = YES;
				CLANG_ENABLE_OBJC_ARC = YES;
				CLANG_ENABLE_OBJC_WEAK = YES;
				CLANG_WARN_BLOCK_CAPTURE_AUTORELEASING = YES;
				CLANG_WARN_BOOL_CONVERSION = YES;
				CLANG_WARN_COMMA = YES;
				CLANG_WARN_CONSTANT_CONVERSION = YES;
				CLANG_WARN_DEPRECATED_OBJC_IMPLEMENTATIONS = YES;
				CLANG_WARN_DIRECT_OBJC_ISA_USAGE = YES_ERROR;
				CLANG_WARN_DOCUMENTATION_COMMENTS = YES;
				CLANG_WARN_EMPTY_BODY = YES;
				CLANG_WARN_ENUM_CONVERSION = YES;
				CLANG_WARN_INFINITE_RECURSION = YES;
				CLANG_WARN_INT_CONVERSION = YES;
				CLANG_WARN_NON_LITERAL_NULL_CONVERSION = YES;
				CLANG_WARN_OBJC_IMPLICIT_RETAIN_SELF = YES;
				CLANG_WARN_OBJC_LITERAL_CONVERSION = YES;
				CLANG_WARN_OBJC_ROOT_CLASS = YES_ERROR;
				CLANG_WARN_QUOTED_INCLUDE_IN_FRAMEWORK_HEADER = YES;
				CLANG_WARN_RANGE_LOOP_ANALYSIS = YES;
				CLANG_WARN_STRICT_PROTOTYPES = YES;
				CLANG_WARN_SUSPICIOUS_MOVE = YES;
				CLANG_WARN_UNGUARDED_AVAILABILITY = YES_AGGRESSIVE;
				CLANG_WARN_UNREACHABLE_CODE = YES;
				CLANG_WARN__DUPLICATE_METHOD_MATCH = YES;
				COPY_PHASE_STRIP = NO;
				DEBUG_INFORMATION_FORMAT = dwarf;
				ENABLE_STRICT_OBJC_MSGSEND = YES;
				ENABLE_TESTABILITY = YES;
				ENABLE_USER_SCRIPT_SANDBOXING = YES;
				GCC_C_LANGUAGE_STANDARD = gnu17;
				GCC_DYNAMIC_NO_PIC = NO;
				GCC_NO_COMMON_BLOCKS = YES;
				GCC_OPTIMIZATION_LEVEL = 0;
				GCC_PREPROCESSOR_DEFINITIONS = (
					"DEBUG=1",
					"$(inherited)",
				);
				GCC_WARN_64_TO_32_BIT_CONVERSION = YES;
				GCC_WARN_ABOUT_RETURN_TYPE = YES_ERROR;
				GCC_WARN_UNDECLARED_SELECTOR = YES;
				GCC_WARN_UNINITIALIZED_AUTOS = YES_AGGRESSIVE;
				GCC_WARN_UNUSED_FUNCTION = YES;
				GCC_WARN_UNUSED_VARIABLE = YES;
				INFOPLIST_KEY_NSBluetoothWhileInUseUsageDescription = "";
				INFOPLIST_KEY_NSCalendarsUsageDescription = "";
				IPHONEOS_DEPLOYMENT_TARGET = 18.1;
				LOCALIZATION_PREFERS_STRING_CATALOGS = YES;
				MTL_ENABLE_DEBUG_INFO = INCLUDE_SOURCE;
				MTL_FAST_MATH = YES;
				ONLY_ACTIVE_ARCH = YES;
				SDKROOT = iphoneos;
				SWIFT_ACTIVE_COMPILATION_CONDITIONS = "DEBUG $(inherited)";
				SWIFT_OPTIMIZATION_LEVEL = "-Onone";
			};
			name = Debug;
		};
		F79CF9382DA44C2900353A14 /* Release */ = {
			isa = XCBuildConfiguration;
			buildSettings = {
				ALWAYS_SEARCH_USER_PATHS = NO;
				ASSETCATALOG_COMPILER_GENERATE_SWIFT_ASSET_SYMBOL_EXTENSIONS = YES;
				CLANG_ANALYZER_NONNULL = YES;
				CLANG_ANALYZER_NUMBER_OBJECT_CONVERSION = YES_AGGRESSIVE;
				CLANG_CXX_LANGUAGE_STANDARD = "gnu++20";
				CLANG_ENABLE_MODULES = YES;
				CLANG_ENABLE_OBJC_ARC = YES;
				CLANG_ENABLE_OBJC_WEAK = YES;
				CLANG_WARN_BLOCK_CAPTURE_AUTORELEASING = YES;
				CLANG_WARN_BOOL_CONVERSION = YES;
				CLANG_WARN_COMMA = YES;
				CLANG_WARN_CONSTANT_CONVERSION = YES;
				CLANG_WARN_DEPRECATED_OBJC_IMPLEMENTATIONS = YES;
				CLANG_WARN_DIRECT_OBJC_ISA_USAGE = YES_ERROR;
				CLANG_WARN_DOCUMENTATION_COMMENTS = YES;
				CLANG_WARN_EMPTY_BODY = YES;
				CLANG_WARN_ENUM_CONVERSION = YES;
				CLANG_WARN_INFINITE_RECURSION = YES;
				CLANG_WARN_INT_CONVERSION = YES;
				CLANG_WARN_NON_LITERAL_NULL_CONVERSION = YES;
				CLANG_WARN_OBJC_IMPLICIT_RETAIN_SELF = YES;
				CLANG_WARN_OBJC_LITERAL_CONVERSION = YES;
				CLANG_WARN_OBJC_ROOT_CLASS = YES_ERROR;
				CLANG_WARN_QUOTED_INCLUDE_IN_FRAMEWORK_HEADER = YES;
				CLANG_WARN_RANGE_LOOP_ANALYSIS = YES;
				CLANG_WARN_STRICT_PROTOTYPES = YES;
				CLANG_WARN_SUSPICIOUS_MOVE = YES;
				CLANG_WARN_UNGUARDED_AVAILABILITY = YES_AGGRESSIVE;
				CLANG_WARN_UNREACHABLE_CODE = YES;
				CLANG_WARN__DUPLICATE_METHOD_MATCH = YES;
				COPY_PHASE_STRIP = NO;
				DEBUG_INFORMATION_FORMAT = "dwarf-with-dsym";
				ENABLE_NS_ASSERTIONS = NO;
				ENABLE_STRICT_OBJC_MSGSEND = YES;
				ENABLE_USER_SCRIPT_SANDBOXING = YES;
				GCC_C_LANGUAGE_STANDARD = gnu17;
				GCC_NO_COMMON_BLOCKS = YES;
				GCC_WARN_64_TO_32_BIT_CONVERSION = YES;
				GCC_WARN_ABOUT_RETURN_TYPE = YES_ERROR;
				GCC_WARN_UNDECLARED_SELECTOR = YES;
				GCC_WARN_UNINITIALIZED_AUTOS = YES_AGGRESSIVE;
				GCC_WARN_UNUSED_FUNCTION = YES;
				GCC_WARN_UNUSED_VARIABLE = YES;
				INFOPLIST_KEY_NSBluetoothWhileInUseUsageDescription = "";
				INFOPLIST_KEY_NSCalendarsUsageDescription = "";
				IPHONEOS_DEPLOYMENT_TARGET = 18.1;
				LOCALIZATION_PREFERS_STRING_CATALOGS = YES;
				MTL_ENABLE_DEBUG_INFO = NO;
				MTL_FAST_MATH = YES;
				SDKROOT = iphoneos;
				SWIFT_COMPILATION_MODE = wholemodule;
				VALIDATE_PRODUCT = YES;
			};
			name = Release;
		};
		F79CF93A2DA44C2900353A14 /* Debug */ = {
			isa = XCBuildConfiguration;
			buildSettings = {
				ASSETCATALOG_COMPILER_APPICON_NAME = AppIcon;
				ASSETCATALOG_COMPILER_GLOBAL_ACCENT_COLOR_NAME = AccentColor;
				CODE_SIGN_ENTITLEMENTS = Binovation/Binovation.entitlements;
				CODE_SIGN_STYLE = Automatic;
				CURRENT_PROJECT_VERSION = 1;
				DEVELOPMENT_ASSET_PATHS = "\"Binovation/Preview Content\"";
				DEVELOPMENT_TEAM = DPYL43TPTX;
				ENABLE_PREVIEWS = YES;
				GENERATE_INFOPLIST_FILE = YES;
				INFOPLIST_FILE = Binovation/Info.plist;
				INFOPLIST_KEY_NSBluetoothWhileInUseUsageDescription = "";
				INFOPLIST_KEY_NSCalendarsUsageDescription = "";
				INFOPLIST_KEY_UIApplicationSceneManifest_Generation = YES;
				INFOPLIST_KEY_UIApplicationSupportsIndirectInputEvents = YES;
				INFOPLIST_KEY_UILaunchScreen_Generation = YES;
				INFOPLIST_KEY_UISupportedInterfaceOrientations_iPad = "UIInterfaceOrientationPortrait UIInterfaceOrientationPortraitUpsideDown UIInterfaceOrientationLandscapeLeft UIInterfaceOrientationLandscapeRight";
				INFOPLIST_KEY_UISupportedInterfaceOrientations_iPhone = "UIInterfaceOrientationPortrait UIInterfaceOrientationLandscapeLeft UIInterfaceOrientationLandscapeRight";
				LD_RUNPATH_SEARCH_PATHS = (
					"$(inherited)",
					"@executable_path/Frameworks",
				);
				MARKETING_VERSION = 1.0;
				PRODUCT_BUNDLE_IDENTIFIER = com.junbeom.Binovation;
				PRODUCT_NAME = "$(TARGET_NAME)";
				SWIFT_EMIT_LOC_STRINGS = YES;
				SWIFT_VERSION = 5.0;
				TARGETED_DEVICE_FAMILY = "1,2";
			};
			name = Debug;
		};
		F79CF93B2DA44C2900353A14 /* Release */ = {
			isa = XCBuildConfiguration;
			buildSettings = {
				ASSETCATALOG_COMPILER_APPICON_NAME = AppIcon;
				ASSETCATALOG_COMPILER_GLOBAL_ACCENT_COLOR_NAME = AccentColor;
				CODE_SIGN_ENTITLEMENTS = Binovation/Binovation.entitlements;
				CODE_SIGN_STYLE = Automatic;
				CURRENT_PROJECT_VERSION = 1;
				DEVELOPMENT_ASSET_PATHS = "\"Binovation/Preview Content\"";
				DEVELOPMENT_TEAM = DPYL43TPTX;
				ENABLE_PREVIEWS = YES;
				GENERATE_INFOPLIST_FILE = YES;
				INFOPLIST_FILE = Binovation/Info.plist;
				INFOPLIST_KEY_NSBluetoothWhileInUseUsageDescription = "";
				INFOPLIST_KEY_NSCalendarsUsageDescription = "";
				INFOPLIST_KEY_UIApplicationSceneManifest_Generation = YES;
				INFOPLIST_KEY_UIApplicationSupportsIndirectInputEvents = YES;
				INFOPLIST_KEY_UILaunchScreen_Generation = YES;
				INFOPLIST_KEY_UISupportedInterfaceOrientations_iPad = "UIInterfaceOrientationPortrait UIInterfaceOrientationPortraitUpsideDown UIInterfaceOrientationLandscapeLeft UIInterfaceOrientationLandscapeRight";
				INFOPLIST_KEY_UISupportedInterfaceOrientations_iPhone = "UIInterfaceOrientationPortrait UIInterfaceOrientationLandscapeLeft UIInterfaceOrientationLandscapeRight";
				LD_RUNPATH_SEARCH_PATHS = (
					"$(inherited)",
					"@executable_path/Frameworks",
				);
				MARKETING_VERSION = 1.0;
				PRODUCT_BUNDLE_IDENTIFIER = com.junbeom.Binovation;
				PRODUCT_NAME = "$(TARGET_NAME)";
				SWIFT_EMIT_LOC_STRINGS = YES;
				SWIFT_VERSION = 5.0;
				TARGETED_DEVICE_FAMILY = "1,2";
			};
			name = Release;
		};
		F79CF93D2DA44C2900353A14 /* Debug */ = {
			isa = XCBuildConfiguration;
			buildSettings = {
				BUNDLE_LOADER = "$(TEST_HOST)";
				CODE_SIGN_STYLE = Automatic;
				CURRENT_PROJECT_VERSION = 1;
				DEVELOPMENT_TEAM = DPYL43TPTX;
				GENERATE_INFOPLIST_FILE = YES;
				IPHONEOS_DEPLOYMENT_TARGET = 18.1;
				MARKETING_VERSION = 1.0;
				PRODUCT_BUNDLE_IDENTIFIER = com.delivery.BinovationTests;
				PRODUCT_NAME = "$(TARGET_NAME)";
				SWIFT_EMIT_LOC_STRINGS = NO;
				SWIFT_VERSION = 5.0;
				TARGETED_DEVICE_FAMILY = "1,2";
				TEST_HOST = "$(BUILT_PRODUCTS_DIR)/Binovation.app/$(BUNDLE_EXECUTABLE_FOLDER_PATH)/Binovation";
			};
			name = Debug;
		};
		F79CF93E2DA44C2900353A14 /* Release */ = {
			isa = XCBuildConfiguration;
			buildSettings = {
				BUNDLE_LOADER = "$(TEST_HOST)";
				CODE_SIGN_STYLE = Automatic;
				CURRENT_PROJECT_VERSION = 1;
				DEVELOPMENT_TEAM = DPYL43TPTX;
				GENERATE_INFOPLIST_FILE = YES;
				IPHONEOS_DEPLOYMENT_TARGET = 18.1;
				MARKETING_VERSION = 1.0;
				PRODUCT_BUNDLE_IDENTIFIER = com.delivery.BinovationTests;
				PRODUCT_NAME = "$(TARGET_NAME)";
				SWIFT_EMIT_LOC_STRINGS = NO;
				SWIFT_VERSION = 5.0;
				TARGETED_DEVICE_FAMILY = "1,2";
				TEST_HOST = "$(BUILT_PRODUCTS_DIR)/Binovation.app/$(BUNDLE_EXECUTABLE_FOLDER_PATH)/Binovation";
			};
			name = Release;
		};
		F79CF9402DA44C2900353A14 /* Debug */ = {
			isa = XCBuildConfiguration;
			buildSettings = {
				CODE_SIGN_STYLE = Automatic;
				CURRENT_PROJECT_VERSION = 1;
				DEVELOPMENT_TEAM = DPYL43TPTX;
				GENERATE_INFOPLIST_FILE = YES;
				MARKETING_VERSION = 1.0;
				PRODUCT_BUNDLE_IDENTIFIER = com.delivery.BinovationUITests;
				PRODUCT_NAME = "$(TARGET_NAME)";
				SWIFT_EMIT_LOC_STRINGS = NO;
				SWIFT_VERSION = 5.0;
				TARGETED_DEVICE_FAMILY = "1,2";
				TEST_TARGET_NAME = Binovation;
			};
			name = Debug;
		};
		F79CF9412DA44C2900353A14 /* Release */ = {
			isa = XCBuildConfiguration;
			buildSettings = {
				CODE_SIGN_STYLE = Automatic;
				CURRENT_PROJECT_VERSION = 1;
				DEVELOPMENT_TEAM = DPYL43TPTX;
				GENERATE_INFOPLIST_FILE = YES;
				MARKETING_VERSION = 1.0;
				PRODUCT_BUNDLE_IDENTIFIER = com.delivery.BinovationUITests;
				PRODUCT_NAME = "$(TARGET_NAME)";
				SWIFT_EMIT_LOC_STRINGS = NO;
				SWIFT_VERSION = 5.0;
				TARGETED_DEVICE_FAMILY = "1,2";
				TEST_TARGET_NAME = Binovation;
			};
			name = Release;
		};
/* End XCBuildConfiguration section */

/* Begin XCConfigurationList section */
		F79CF9102DA44C2600353A14 /* Build configuration list for PBXProject "Binovation" */ = {
			isa = XCConfigurationList;
			buildConfigurations = (
				F79CF9372DA44C2900353A14 /* Debug */,
				F79CF9382DA44C2900353A14 /* Release */,
			);
			defaultConfigurationIsVisible = 0;
			defaultConfigurationName = Release;
		};
		F79CF9392DA44C2900353A14 /* Build configuration list for PBXNativeTarget "Binovation" */ = {
			isa = XCConfigurationList;
			buildConfigurations = (
				F79CF93A2DA44C2900353A14 /* Debug */,
				F79CF93B2DA44C2900353A14 /* Release */,
			);
			defaultConfigurationIsVisible = 0;
			defaultConfigurationName = Release;
		};
		F79CF93C2DA44C2900353A14 /* Build configuration list for PBXNativeTarget "BinovationTests" */ = {
			isa = XCConfigurationList;
			buildConfigurations = (
				F79CF93D2DA44C2900353A14 /* Debug */,
				F79CF93E2DA44C2900353A14 /* Release */,
			);
			defaultConfigurationIsVisible = 0;
			defaultConfigurationName = Release;
		};
		F79CF93F2DA44C2900353A14 /* Build configuration list for PBXNativeTarget "BinovationUITests" */ = {
			isa = XCConfigurationList;
			buildConfigurations = (
				F79CF9402DA44C2900353A14 /* Debug */,
				F79CF9412DA44C2900353A14 /* Release */,
			);
			defaultConfigurationIsVisible = 0;
			defaultConfigurationName = Release;
		};
/* End XCConfigurationList section */

/* Begin XCRemoteSwiftPackageReference section */
		F7CB156E2DF17268009B9858 /* XCRemoteSwiftPackageReference "firebase-ios-sdk" */ = {
			isa = XCRemoteSwiftPackageReference;
			repositoryURL = "https://github.com/firebase/firebase-ios-sdk.git";
			requirement = {
				kind = upToNextMajorVersion;
				minimumVersion = 11.14.0;
			};
		};
/* End XCRemoteSwiftPackageReference section */

/* Begin XCSwiftPackageProductDependency section */
		F7CB156F2DF17268009B9858 /* FirebaseAnalytics */ = {
			isa = XCSwiftPackageProductDependency;
			package = F7CB156E2DF17268009B9858 /* XCRemoteSwiftPackageReference "firebase-ios-sdk" */;
			productName = FirebaseAnalytics;
		};
		F7CB15712DF17268009B9858 /* FirebaseMessaging */ = {
			isa = XCSwiftPackageProductDependency;
			package = F7CB156E2DF17268009B9858 /* XCRemoteSwiftPackageReference "firebase-ios-sdk" */;
			productName = FirebaseMessaging;
		};
/* End XCSwiftPackageProductDependency section */
	};
	rootObject = F79CF90D2DA44C2600353A14 /* Project object */;
}
